// !$*UTF8*$!
{
	archiveVersion = 1;
	classes = {
	};
	objectVersion = 56;
	objects = {

/* Begin PBXBuildFile section */
		BCC4304F2783318C5AB9E633 /* Pods_TwitterSwift.framework in Frameworks */ = {isa = PBXBuildFile; fileRef = 191BCEF3C3EF090AA15B884E /* Pods_TwitterSwift.framework */; };
		DF115249292D3195001102BD /* GoogleService-Info.plist in Resources */ = {isa = PBXBuildFile; fileRef = DF115248292D3195001102BD /* GoogleService-Info.plist */; };
		DF221473295460D300384589 /* ProfileViewController.swift in Sources */ = {isa = PBXBuildFile; fileRef = DF221472295460D300384589 /* ProfileViewController.swift */; };
		DF2214752954674700384589 /* ProfileHeader.swift in Sources */ = {isa = PBXBuildFile; fileRef = DF2214742954674700384589 /* ProfileHeader.swift */; };
		DF2780BD292CD4D100819191 /* LoginViewController.swift in Sources */ = {isa = PBXBuildFile; fileRef = DF2780BC292CD4D100819191 /* LoginViewController.swift */; };
		DF2780BF292CD4F900819191 /* RegisterViewController.swift in Sources */ = {isa = PBXBuildFile; fileRef = DF2780BE292CD4F900819191 /* RegisterViewController.swift */; };
		DF2780C1292CD7CF00819191 /* AuthField.swift in Sources */ = {isa = PBXBuildFile; fileRef = DF2780C0292CD7CF00819191 /* AuthField.swift */; };
		DF2780C3292CDC0800819191 /* AuthButton.swift in Sources */ = {isa = PBXBuildFile; fileRef = DF2780C2292CDC0800819191 /* AuthButton.swift */; };
		DF2780C8292CE70F00819191 /* Utilities.swift in Sources */ = {isa = PBXBuildFile; fileRef = DF2780C7292CE70F00819191 /* Utilities.swift */; };
		DF2D77F529588EB400E2E73F /* ProfileFilterOptions.swift in Sources */ = {isa = PBXBuildFile; fileRef = DF2D77F429588EB400E2E73F /* ProfileFilterOptions.swift */; };
		DF2D77F72958953600E2E73F /* ProfileHeaderViewModel.swift in Sources */ = {isa = PBXBuildFile; fileRef = DF2D77F62958953600E2E73F /* ProfileHeaderViewModel.swift */; };
		DF2EDE6D29409FFD00B456AF /* UserService.swift in Sources */ = {isa = PBXBuildFile; fileRef = DF2EDE6C29409FFD00B456AF /* UserService.swift */; };
		DF2EDE6F2940A3CD00B456AF /* User.swift in Sources */ = {isa = PBXBuildFile; fileRef = DF2EDE6E2940A3CD00B456AF /* User.swift */; };
		DF31CA6E2954DC0D00A72394 /* ProfileFilterView.swift in Sources */ = {isa = PBXBuildFile; fileRef = DF31CA6D2954DC0D00A72394 /* ProfileFilterView.swift */; };
		DF31CA702954E13300A72394 /* ProfileFilterCell.swift in Sources */ = {isa = PBXBuildFile; fileRef = DF31CA6F2954E13300A72394 /* ProfileFilterCell.swift */; };
		DF31CA722954F6B300A72394 /* MyNavigationController.swift in Sources */ = {isa = PBXBuildFile; fileRef = DF31CA712954F6B300A72394 /* MyNavigationController.swift */; };
		DF402D72295E190D0034DA3B /* UserRelationStats.swift in Sources */ = {isa = PBXBuildFile; fileRef = DF402D71295E190D0034DA3B /* UserRelationStats.swift */; };
		DF4B30712953836E00ACFD79 /* TweetViewModel.swift in Sources */ = {isa = PBXBuildFile; fileRef = DF4B30702953836E00ACFD79 /* TweetViewModel.swift */; };
		DF526FE429530F38003E4AC6 /* TweetCollectionViewCell.swift in Sources */ = {isa = PBXBuildFile; fileRef = DF526FE329530F38003E4AC6 /* TweetCollectionViewCell.swift */; };
		DF6958E4295C4A030072E68A /* UserTableViewCell.swift in Sources */ = {isa = PBXBuildFile; fileRef = DF6958E3295C4A030072E68A /* UserTableViewCell.swift */; };
		DFCF4622292FCAC400FA96AE /* AuthService.swift in Sources */ = {isa = PBXBuildFile; fileRef = DFCF4621292FCAC400FA96AE /* AuthService.swift */; };
		DFCF8CFC2968208300B1ECDF /* UploadTweetViewModel.swift in Sources */ = {isa = PBXBuildFile; fileRef = DFCF8CFB2968208300B1ECDF /* UploadTweetViewModel.swift */; };
		DFDCC39729410A68007CC1A2 /* UploadTweetViewController.swift in Sources */ = {isa = PBXBuildFile; fileRef = DFDCC39629410A68007CC1A2 /* UploadTweetViewController.swift */; };
		DFDF042629449F39007C1EFF /* CaptionTextView.swift in Sources */ = {isa = PBXBuildFile; fileRef = DFDF042529449F39007C1EFF /* CaptionTextView.swift */; };
		DFDF04292944A88B007C1EFF /* TweetService.swift in Sources */ = {isa = PBXBuildFile; fileRef = DFDF04282944A88B007C1EFF /* TweetService.swift */; };
		DFDF0E1C2944FAF500366350 /* Tweet.swift in Sources */ = {isa = PBXBuildFile; fileRef = DFDF0E1B2944FAF500366350 /* Tweet.swift */; };
		DFE12F72292E276D007560FC /* Constants.swift in Sources */ = {isa = PBXBuildFile; fileRef = DFE12F71292E276D007560FC /* Constants.swift */; };
		DFF598E2292A35B4004D777E /* AppDelegate.swift in Sources */ = {isa = PBXBuildFile; fileRef = DFF598E1292A35B4004D777E /* AppDelegate.swift */; };
		DFF598E4292A35B4004D777E /* SceneDelegate.swift in Sources */ = {isa = PBXBuildFile; fileRef = DFF598E3292A35B4004D777E /* SceneDelegate.swift */; };
		DFF598EB292A35B5004D777E /* Assets.xcassets in Resources */ = {isa = PBXBuildFile; fileRef = DFF598EA292A35B5004D777E /* Assets.xcassets */; };
		DFF598EE292A35B5004D777E /* LaunchScreen.storyboard in Resources */ = {isa = PBXBuildFile; fileRef = DFF598EC292A35B5004D777E /* LaunchScreen.storyboard */; };
		DFF598FC292A367E004D777E /* MainTabBarViewController.swift in Sources */ = {isa = PBXBuildFile; fileRef = DFF598FB292A367E004D777E /* MainTabBarViewController.swift */; };
		DFF598FE292A3B6F004D777E /* FeedViewController.swift in Sources */ = {isa = PBXBuildFile; fileRef = DFF598FD292A3B6F004D777E /* FeedViewController.swift */; };
		DFF59900292A3BA5004D777E /* ExploreViewController.swift in Sources */ = {isa = PBXBuildFile; fileRef = DFF598FF292A3BA5004D777E /* ExploreViewController.swift */; };
		DFF59902292A3BB9004D777E /* NotificationsViewController.swift in Sources */ = {isa = PBXBuildFile; fileRef = DFF59901292A3BB9004D777E /* NotificationsViewController.swift */; };
		DFF59904292A3BD5004D777E /* ConversationsViewController.swift in Sources */ = {isa = PBXBuildFile; fileRef = DFF59903292A3BD5004D777E /* ConversationsViewController.swift */; };
		DFF59906292A497B004D777E /* Extensions.swift in Sources */ = {isa = PBXBuildFile; fileRef = DFF59905292A497B004D777E /* Extensions.swift */; };
		DFFFBA962964492500A419C8 /* TweetViewController.swift in Sources */ = {isa = PBXBuildFile; fileRef = DFFFBA952964492500A419C8 /* TweetViewController.swift */; };
		DFFFBA9829644CE500A419C8 /* TweetHeader.swift in Sources */ = {isa = PBXBuildFile; fileRef = DFFFBA9729644CE500A419C8 /* TweetHeader.swift */; };
/* End PBXBuildFile section */

/* Begin PBXFileReference section */
		191BCEF3C3EF090AA15B884E /* Pods_TwitterSwift.framework */ = {isa = PBXFileReference; explicitFileType = wrapper.framework; includeInIndex = 0; path = Pods_TwitterSwift.framework; sourceTree = BUILT_PRODUCTS_DIR; };
		7387217747596CAED9378F55 /* Pods-TwitterSwift.debug.xcconfig */ = {isa = PBXFileReference; includeInIndex = 1; lastKnownFileType = text.xcconfig; name = "Pods-TwitterSwift.debug.xcconfig"; path = "Target Support Files/Pods-TwitterSwift/Pods-TwitterSwift.debug.xcconfig"; sourceTree = "<group>"; };
		DF115248292D3195001102BD /* GoogleService-Info.plist */ = {isa = PBXFileReference; fileEncoding = 4; lastKnownFileType = text.plist.xml; path = "GoogleService-Info.plist"; sourceTree = "<group>"; };
		DF221472295460D300384589 /* ProfileViewController.swift */ = {isa = PBXFileReference; lastKnownFileType = sourcecode.swift; path = ProfileViewController.swift; sourceTree = "<group>"; };
		DF2214742954674700384589 /* ProfileHeader.swift */ = {isa = PBXFileReference; lastKnownFileType = sourcecode.swift; path = ProfileHeader.swift; sourceTree = "<group>"; };
		DF2780BC292CD4D100819191 /* LoginViewController.swift */ = {isa = PBXFileReference; lastKnownFileType = sourcecode.swift; path = LoginViewController.swift; sourceTree = "<group>"; };
		DF2780BE292CD4F900819191 /* RegisterViewController.swift */ = {isa = PBXFileReference; lastKnownFileType = sourcecode.swift; path = RegisterViewController.swift; sourceTree = "<group>"; };
		DF2780C0292CD7CF00819191 /* AuthField.swift */ = {isa = PBXFileReference; lastKnownFileType = sourcecode.swift; path = AuthField.swift; sourceTree = "<group>"; };
		DF2780C2292CDC0800819191 /* AuthButton.swift */ = {isa = PBXFileReference; lastKnownFileType = sourcecode.swift; path = AuthButton.swift; sourceTree = "<group>"; };
		DF2780C7292CE70F00819191 /* Utilities.swift */ = {isa = PBXFileReference; lastKnownFileType = sourcecode.swift; path = Utilities.swift; sourceTree = "<group>"; };
		DF2D77F429588EB400E2E73F /* ProfileFilterOptions.swift */ = {isa = PBXFileReference; lastKnownFileType = sourcecode.swift; path = ProfileFilterOptions.swift; sourceTree = "<group>"; };
		DF2D77F62958953600E2E73F /* ProfileHeaderViewModel.swift */ = {isa = PBXFileReference; lastKnownFileType = sourcecode.swift; path = ProfileHeaderViewModel.swift; sourceTree = "<group>"; };
		DF2EDE6C29409FFD00B456AF /* UserService.swift */ = {isa = PBXFileReference; lastKnownFileType = sourcecode.swift; path = UserService.swift; sourceTree = "<group>"; };
		DF2EDE6E2940A3CD00B456AF /* User.swift */ = {isa = PBXFileReference; lastKnownFileType = sourcecode.swift; path = User.swift; sourceTree = "<group>"; };
		DF31CA6D2954DC0D00A72394 /* ProfileFilterView.swift */ = {isa = PBXFileReference; lastKnownFileType = sourcecode.swift; path = ProfileFilterView.swift; sourceTree = "<group>"; };
		DF31CA6F2954E13300A72394 /* ProfileFilterCell.swift */ = {isa = PBXFileReference; lastKnownFileType = sourcecode.swift; path = ProfileFilterCell.swift; sourceTree = "<group>"; };
		DF31CA712954F6B300A72394 /* MyNavigationController.swift */ = {isa = PBXFileReference; lastKnownFileType = sourcecode.swift; path = MyNavigationController.swift; sourceTree = "<group>"; };
		DF402D71295E190D0034DA3B /* UserRelationStats.swift */ = {isa = PBXFileReference; lastKnownFileType = sourcecode.swift; path = UserRelationStats.swift; sourceTree = "<group>"; };
		DF4B30702953836E00ACFD79 /* TweetViewModel.swift */ = {isa = PBXFileReference; lastKnownFileType = sourcecode.swift; path = TweetViewModel.swift; sourceTree = "<group>"; };
		DF526FE329530F38003E4AC6 /* TweetCollectionViewCell.swift */ = {isa = PBXFileReference; lastKnownFileType = sourcecode.swift; path = TweetCollectionViewCell.swift; sourceTree = "<group>"; };
		DF6958E3295C4A030072E68A /* UserTableViewCell.swift */ = {isa = PBXFileReference; lastKnownFileType = sourcecode.swift; path = UserTableViewCell.swift; sourceTree = "<group>"; };
		DFCF4621292FCAC400FA96AE /* AuthService.swift */ = {isa = PBXFileReference; lastKnownFileType = sourcecode.swift; path = AuthService.swift; sourceTree = "<group>"; };
		DFCF8CFB2968208300B1ECDF /* UploadTweetViewModel.swift */ = {isa = PBXFileReference; lastKnownFileType = sourcecode.swift; path = UploadTweetViewModel.swift; sourceTree = "<group>"; };
		DFDCC39629410A68007CC1A2 /* UploadTweetViewController.swift */ = {isa = PBXFileReference; lastKnownFileType = sourcecode.swift; path = UploadTweetViewController.swift; sourceTree = "<group>"; };
		DFDF042529449F39007C1EFF /* CaptionTextView.swift */ = {isa = PBXFileReference; lastKnownFileType = sourcecode.swift; path = CaptionTextView.swift; sourceTree = "<group>"; };
		DFDF04282944A88B007C1EFF /* TweetService.swift */ = {isa = PBXFileReference; lastKnownFileType = sourcecode.swift; path = TweetService.swift; sourceTree = "<group>"; };
		DFDF0E1B2944FAF500366350 /* Tweet.swift */ = {isa = PBXFileReference; lastKnownFileType = sourcecode.swift; path = Tweet.swift; sourceTree = "<group>"; };
		DFE12F71292E276D007560FC /* Constants.swift */ = {isa = PBXFileReference; lastKnownFileType = sourcecode.swift; path = Constants.swift; sourceTree = "<group>"; };
		DFF598DE292A35B4004D777E /* TwitterSwift.app */ = {isa = PBXFileReference; explicitFileType = wrapper.application; includeInIndex = 0; path = TwitterSwift.app; sourceTree = BUILT_PRODUCTS_DIR; };
		DFF598E1292A35B4004D777E /* AppDelegate.swift */ = {isa = PBXFileReference; lastKnownFileType = sourcecode.swift; path = AppDelegate.swift; sourceTree = "<group>"; };
		DFF598E3292A35B4004D777E /* SceneDelegate.swift */ = {isa = PBXFileReference; lastKnownFileType = sourcecode.swift; path = SceneDelegate.swift; sourceTree = "<group>"; };
		DFF598EA292A35B5004D777E /* Assets.xcassets */ = {isa = PBXFileReference; lastKnownFileType = folder.assetcatalog; path = Assets.xcassets; sourceTree = "<group>"; };
		DFF598ED292A35B5004D777E /* Base */ = {isa = PBXFileReference; lastKnownFileType = file.storyboard; name = Base; path = Base.lproj/LaunchScreen.storyboard; sourceTree = "<group>"; };
		DFF598EF292A35B5004D777E /* Info.plist */ = {isa = PBXFileReference; lastKnownFileType = text.plist.xml; path = Info.plist; sourceTree = "<group>"; };
		DFF598FB292A367E004D777E /* MainTabBarViewController.swift */ = {isa = PBXFileReference; lastKnownFileType = sourcecode.swift; path = MainTabBarViewController.swift; sourceTree = "<group>"; };
		DFF598FD292A3B6F004D777E /* FeedViewController.swift */ = {isa = PBXFileReference; lastKnownFileType = sourcecode.swift; path = FeedViewController.swift; sourceTree = "<group>"; };
		DFF598FF292A3BA5004D777E /* ExploreViewController.swift */ = {isa = PBXFileReference; lastKnownFileType = sourcecode.swift; path = ExploreViewController.swift; sourceTree = "<group>"; };
		DFF59901292A3BB9004D777E /* NotificationsViewController.swift */ = {isa = PBXFileReference; lastKnownFileType = sourcecode.swift; path = NotificationsViewController.swift; sourceTree = "<group>"; };
		DFF59903292A3BD5004D777E /* ConversationsViewController.swift */ = {isa = PBXFileReference; lastKnownFileType = sourcecode.swift; path = ConversationsViewController.swift; sourceTree = "<group>"; };
		DFF59905292A497B004D777E /* Extensions.swift */ = {isa = PBXFileReference; lastKnownFileType = sourcecode.swift; path = Extensions.swift; sourceTree = "<group>"; };
		DFFFBA952964492500A419C8 /* TweetViewController.swift */ = {isa = PBXFileReference; lastKnownFileType = sourcecode.swift; path = TweetViewController.swift; sourceTree = "<group>"; };
		DFFFBA9729644CE500A419C8 /* TweetHeader.swift */ = {isa = PBXFileReference; lastKnownFileType = sourcecode.swift; path = TweetHeader.swift; sourceTree = "<group>"; };
		E2B931ACB69356B616E0C64A /* Pods-TwitterSwift.release.xcconfig */ = {isa = PBXFileReference; includeInIndex = 1; lastKnownFileType = text.xcconfig; name = "Pods-TwitterSwift.release.xcconfig"; path = "Target Support Files/Pods-TwitterSwift/Pods-TwitterSwift.release.xcconfig"; sourceTree = "<group>"; };
/* End PBXFileReference section */

/* Begin PBXFrameworksBuildPhase section */
		DFF598DB292A35B4004D777E /* Frameworks */ = {
			isa = PBXFrameworksBuildPhase;
			buildActionMask = 2147483647;
			files = (
				BCC4304F2783318C5AB9E633 /* Pods_TwitterSwift.framework in Frameworks */,
			);
			runOnlyForDeploymentPostprocessing = 0;
		};
/* End PBXFrameworksBuildPhase section */

/* Begin PBXGroup section */
		22D6D29EC88A3B08680AC114 /* Pods */ = {
			isa = PBXGroup;
			children = (
				7387217747596CAED9378F55 /* Pods-TwitterSwift.debug.xcconfig */,
				E2B931ACB69356B616E0C64A /* Pods-TwitterSwift.release.xcconfig */,
			);
			path = Pods;
			sourceTree = "<group>";
		};
		3621B5C6DF631CE9F28CF980 /* Frameworks */ = {
			isa = PBXGroup;
			children = (
				191BCEF3C3EF090AA15B884E /* Pods_TwitterSwift.framework */,
			);
			name = Frameworks;
			sourceTree = "<group>";
		};
		DF2780BB292CD4C400819191 /* Auth */ = {
			isa = PBXGroup;
			children = (
				DF2780BC292CD4D100819191 /* LoginViewController.swift */,
				DF2780BE292CD4F900819191 /* RegisterViewController.swift */,
			);
			path = Auth;
			sourceTree = "<group>";
		};
		DF2780C4292CDE4900819191 /* Auth */ = {
			isa = PBXGroup;
			children = (
				DF2780C0292CD7CF00819191 /* AuthField.swift */,
				DF2780C2292CDC0800819191 /* AuthButton.swift */,
			);
			path = Auth;
			sourceTree = "<group>";
		};
		DFDF04272944A686007C1EFF /* Resource */ = {
			isa = PBXGroup;
			children = (
				DFF598EF292A35B5004D777E /* Info.plist */,
				DF115248292D3195001102BD /* GoogleService-Info.plist */,
				DFF598E1292A35B4004D777E /* AppDelegate.swift */,
				DFF598E3292A35B4004D777E /* SceneDelegate.swift */,
				DFF598EA292A35B5004D777E /* Assets.xcassets */,
				DFF598EC292A35B5004D777E /* LaunchScreen.storyboard */,
			);
			path = Resource;
			sourceTree = "<group>";
		};
		DFF598D5292A35B4004D777E = {
			isa = PBXGroup;
			children = (
				DFF598E0292A35B4004D777E /* TwitterSwift */,
				DFF598DF292A35B4004D777E /* Products */,
				22D6D29EC88A3B08680AC114 /* Pods */,
				3621B5C6DF631CE9F28CF980 /* Frameworks */,
			);
			sourceTree = "<group>";
		};
		DFF598DF292A35B4004D777E /* Products */ = {
			isa = PBXGroup;
			children = (
				DFF598DE292A35B4004D777E /* TwitterSwift.app */,
			);
			name = Products;
			sourceTree = "<group>";
		};
		DFF598E0292A35B4004D777E /* TwitterSwift */ = {
			isa = PBXGroup;
			children = (
				DFF598F5292A35C1004D777E /* Model */,
				DFF598F7292A35D1004D777E /* ViewModel */,
				DFF598F6292A35C9004D777E /* View */,
				DFF598F8292A35DB004D777E /* Controller */,
				DFF598F9292A35E1004D777E /* API */,
				DFF598FA292A3613004D777E /* Utils */,
				DFDF04272944A686007C1EFF /* Resource */,
			);
			path = TwitterSwift;
			sourceTree = "<group>";
		};
		DFF598F5292A35C1004D777E /* Model */ = {
			isa = PBXGroup;
			children = (
				DF2EDE6E2940A3CD00B456AF /* User.swift */,
				DFDF0E1B2944FAF500366350 /* Tweet.swift */,
				DF402D71295E190D0034DA3B /* UserRelationStats.swift */,
			);
			path = Model;
			sourceTree = "<group>";
		};
		DFF598F6292A35C9004D777E /* View */ = {
			isa = PBXGroup;
			children = (
				DF2780C4292CDE4900819191 /* Auth */,
				DFDF042529449F39007C1EFF /* CaptionTextView.swift */,
				DF526FE329530F38003E4AC6 /* TweetCollectionViewCell.swift */,
				DF2214742954674700384589 /* ProfileHeader.swift */,
				DF31CA6D2954DC0D00A72394 /* ProfileFilterView.swift */,
				DF31CA6F2954E13300A72394 /* ProfileFilterCell.swift */,
				DF6958E3295C4A030072E68A /* UserTableViewCell.swift */,
				DFFFBA9729644CE500A419C8 /* TweetHeader.swift */,
			);
			path = View;
			sourceTree = "<group>";
		};
		DFF598F7292A35D1004D777E /* ViewModel */ = {
			isa = PBXGroup;
			children = (
				DF4B30702953836E00ACFD79 /* TweetViewModel.swift */,
				DF2D77F429588EB400E2E73F /* ProfileFilterOptions.swift */,
				DF2D77F62958953600E2E73F /* ProfileHeaderViewModel.swift */,
				DFCF8CFB2968208300B1ECDF /* UploadTweetViewModel.swift */,
			);
			path = ViewModel;
			sourceTree = "<group>";
		};
		DFF598F8292A35DB004D777E /* Controller */ = {
			isa = PBXGroup;
			children = (
				DF2780BB292CD4C400819191 /* Auth */,
				DFF598FB292A367E004D777E /* MainTabBarViewController.swift */,
				DFF598FD292A3B6F004D777E /* FeedViewController.swift */,
				DFF598FF292A3BA5004D777E /* ExploreViewController.swift */,
				DFF59901292A3BB9004D777E /* NotificationsViewController.swift */,
				DFF59903292A3BD5004D777E /* ConversationsViewController.swift */,
				DFDCC39629410A68007CC1A2 /* UploadTweetViewController.swift */,
				DF221472295460D300384589 /* ProfileViewController.swift */,
				DF31CA712954F6B300A72394 /* MyNavigationController.swift */,
				DFFFBA952964492500A419C8 /* TweetViewController.swift */,
			);
			path = Controller;
			sourceTree = "<group>";
		};
		DFF598F9292A35E1004D777E /* API */ = {
			isa = PBXGroup;
			children = (
				DFCF4621292FCAC400FA96AE /* AuthService.swift */,
				DF2EDE6C29409FFD00B456AF /* UserService.swift */,
				DFDF04282944A88B007C1EFF /* TweetService.swift */,
			);
			path = API;
			sourceTree = "<group>";
		};
		DFF598FA292A3613004D777E /* Utils */ = {
			isa = PBXGroup;
			children = (
				DFF59905292A497B004D777E /* Extensions.swift */,
				DF2780C7292CE70F00819191 /* Utilities.swift */,
				DFE12F71292E276D007560FC /* Constants.swift */,
			);
			path = Utils;
			sourceTree = "<group>";
		};
/* End PBXGroup section */

/* Begin PBXNativeTarget section */
		DFF598DD292A35B4004D777E /* TwitterSwift */ = {
			isa = PBXNativeTarget;
			buildConfigurationList = DFF598F2292A35B5004D777E /* Build configuration list for PBXNativeTarget "TwitterSwift" */;
			buildPhases = (
				90D97DA0893BD68D035309B7 /* [CP] Check Pods Manifest.lock */,
				DFF598DA292A35B4004D777E /* Sources */,
				DFF598DB292A35B4004D777E /* Frameworks */,
				DFF598DC292A35B4004D777E /* Resources */,
				B63233EDDF00FDD987A59830 /* [CP] Embed Pods Frameworks */,
			);
			buildRules = (
			);
			dependencies = (
			);
			name = TwitterSwift;
			productName = TwitterSwift;
			productReference = DFF598DE292A35B4004D777E /* TwitterSwift.app */;
			productType = "com.apple.product-type.application";
		};
/* End PBXNativeTarget section */

/* Begin PBXProject section */
		DFF598D6292A35B4004D777E /* Project object */ = {
			isa = PBXProject;
			attributes = {
				BuildIndependentTargetsInParallel = 1;
				LastSwiftUpdateCheck = 1410;
				LastUpgradeCheck = 1410;
				TargetAttributes = {
					DFF598DD292A35B4004D777E = {
						CreatedOnToolsVersion = 14.1;
					};
				};
			};
			buildConfigurationList = DFF598D9292A35B4004D777E /* Build configuration list for PBXProject "TwitterSwift" */;
			compatibilityVersion = "Xcode 14.0";
			developmentRegion = en;
			hasScannedForEncodings = 0;
			knownRegions = (
				en,
				Base,
			);
			mainGroup = DFF598D5292A35B4004D777E;
			productRefGroup = DFF598DF292A35B4004D777E /* Products */;
			projectDirPath = "";
			projectRoot = "";
			targets = (
				DFF598DD292A35B4004D777E /* TwitterSwift */,
			);
		};
/* End PBXProject section */

/* Begin PBXResourcesBuildPhase section */
		DFF598DC292A35B4004D777E /* Resources */ = {
			isa = PBXResourcesBuildPhase;
			buildActionMask = 2147483647;
			files = (
				DFF598EE292A35B5004D777E /* LaunchScreen.storyboard in Resources */,
				DFF598EB292A35B5004D777E /* Assets.xcassets in Resources */,
				DF115249292D3195001102BD /* GoogleService-Info.plist in Resources */,
			);
			runOnlyForDeploymentPostprocessing = 0;
		};
/* End PBXResourcesBuildPhase section */

/* Begin PBXShellScriptBuildPhase section */
		90D97DA0893BD68D035309B7 /* [CP] Check Pods Manifest.lock */ = {
			isa = PBXShellScriptBuildPhase;
			buildActionMask = 2147483647;
			files = (
			);
			inputFileListPaths = (
			);
			inputPaths = (
				"${PODS_PODFILE_DIR_PATH}/Podfile.lock",
				"${PODS_ROOT}/Manifest.lock",
			);
			name = "[CP] Check Pods Manifest.lock";
			outputFileListPaths = (
			);
			outputPaths = (
				"$(DERIVED_FILE_DIR)/Pods-TwitterSwift-checkManifestLockResult.txt",
			);
			runOnlyForDeploymentPostprocessing = 0;
			shellPath = /bin/sh;
			shellScript = "diff \"${PODS_PODFILE_DIR_PATH}/Podfile.lock\" \"${PODS_ROOT}/Manifest.lock\" > /dev/null\nif [ $? != 0 ] ; then\n    # print error to STDERR\n    echo \"error: The sandbox is not in sync with the Podfile.lock. Run 'pod install' or update your CocoaPods installation.\" >&2\n    exit 1\nfi\n# This output is used by Xcode 'outputs' to avoid re-running this script phase.\necho \"SUCCESS\" > \"${SCRIPT_OUTPUT_FILE_0}\"\n";
			showEnvVarsInLog = 0;
		};
		B63233EDDF00FDD987A59830 /* [CP] Embed Pods Frameworks */ = {
			isa = PBXShellScriptBuildPhase;
			buildActionMask = 2147483647;
			files = (
			);
			inputFileListPaths = (
				"${PODS_ROOT}/Target Support Files/Pods-TwitterSwift/Pods-TwitterSwift-frameworks-${CONFIGURATION}-input-files.xcfilelist",
			);
			name = "[CP] Embed Pods Frameworks";
			outputFileListPaths = (
				"${PODS_ROOT}/Target Support Files/Pods-TwitterSwift/Pods-TwitterSwift-frameworks-${CONFIGURATION}-output-files.xcfilelist",
			);
			runOnlyForDeploymentPostprocessing = 0;
			shellPath = /bin/sh;
			shellScript = "\"${PODS_ROOT}/Target Support Files/Pods-TwitterSwift/Pods-TwitterSwift-frameworks.sh\"\n";
			showEnvVarsInLog = 0;
		};
/* End PBXShellScriptBuildPhase section */

/* Begin PBXSourcesBuildPhase section */
		DFF598DA292A35B4004D777E /* Sources */ = {
			isa = PBXSourcesBuildPhase;
			buildActionMask = 2147483647;
			files = (
				DF2D77F529588EB400E2E73F /* ProfileFilterOptions.swift in Sources */,
				DF2780C1292CD7CF00819191 /* AuthField.swift in Sources */,
				DF2780C3292CDC0800819191 /* AuthButton.swift in Sources */,
				DF2780C8292CE70F00819191 /* Utilities.swift in Sources */,
				DFDF0E1C2944FAF500366350 /* Tweet.swift in Sources */,
				DF2D77F72958953600E2E73F /* ProfileHeaderViewModel.swift in Sources */,
				DFFFBA9829644CE500A419C8 /* TweetHeader.swift in Sources */,
				DF2780BF292CD4F900819191 /* RegisterViewController.swift in Sources */,
				DFE12F72292E276D007560FC /* Constants.swift in Sources */,
				DF221473295460D300384589 /* ProfileViewController.swift in Sources */,
				DF2EDE6D29409FFD00B456AF /* UserService.swift in Sources */,
				DFF59906292A497B004D777E /* Extensions.swift in Sources */,
				DF526FE429530F38003E4AC6 /* TweetCollectionViewCell.swift in Sources */,
				DFF598FC292A367E004D777E /* MainTabBarViewController.swift in Sources */,
				DFDCC39729410A68007CC1A2 /* UploadTweetViewController.swift in Sources */,
				DFFFBA962964492500A419C8 /* TweetViewController.swift in Sources */,
				DFCF8CFC2968208300B1ECDF /* UploadTweetViewModel.swift in Sources */,
				DF6958E4295C4A030072E68A /* UserTableViewCell.swift in Sources */,
				DF31CA6E2954DC0D00A72394 /* ProfileFilterView.swift in Sources */,
				DFDF042629449F39007C1EFF /* CaptionTextView.swift in Sources */,
				DFF59900292A3BA5004D777E /* ExploreViewController.swift in Sources */,
				DFF59904292A3BD5004D777E /* ConversationsViewController.swift in Sources */,
				DFF598FE292A3B6F004D777E /* FeedViewController.swift in Sources */,
				DFF598E2292A35B4004D777E /* AppDelegate.swift in Sources */,
				DFF59902292A3BB9004D777E /* NotificationsViewController.swift in Sources */,
				DF2214752954674700384589 /* ProfileHeader.swift in Sources */,
				DF2EDE6F2940A3CD00B456AF /* User.swift in Sources */,
				DF2780BD292CD4D100819191 /* LoginViewController.swift in Sources */,
				DF4B30712953836E00ACFD79 /* TweetViewModel.swift in Sources */,
				DF31CA702954E13300A72394 /* ProfileFilterCell.swift in Sources */,
				DFF598E4292A35B4004D777E /* SceneDelegate.swift in Sources */,
				DF31CA722954F6B300A72394 /* MyNavigationController.swift in Sources */,
				DFCF4622292FCAC400FA96AE /* AuthService.swift in Sources */,
				DF402D72295E190D0034DA3B /* UserRelationStats.swift in Sources */,
				DFDF04292944A88B007C1EFF /* TweetService.swift in Sources */,
			);
			runOnlyForDeploymentPostprocessing = 0;
		};
/* End PBXSourcesBuildPhase section */

/* Begin PBXVariantGroup section */
		DFF598EC292A35B5004D777E /* LaunchScreen.storyboard */ = {
			isa = PBXVariantGroup;
			children = (
				DFF598ED292A35B5004D777E /* Base */,
			);
			name = LaunchScreen.storyboard;
			sourceTree = "<group>";
		};
/* End PBXVariantGroup section */

/* Begin XCBuildConfiguration section */
		DFF598F0292A35B5004D777E /* Debug */ = {
			isa = XCBuildConfiguration;
			buildSettings = {
				ALWAYS_SEARCH_USER_PATHS = NO;
				CLANG_ANALYZER_NONNULL = YES;
				CLANG_ANALYZER_NUMBER_OBJECT_CONVERSION = YES_AGGRESSIVE;
				CLANG_CXX_LANGUAGE_STANDARD = "gnu++20";
				CLANG_ENABLE_MODULES = YES;
				CLANG_ENABLE_OBJC_ARC = YES;
				CLANG_ENABLE_OBJC_WEAK = YES;
				CLANG_WARN_BLOCK_CAPTURE_AUTORELEASING = YES;
				CLANG_WARN_BOOL_CONVERSION = YES;
				CLANG_WARN_COMMA = YES;
				CLANG_WARN_CONSTANT_CONVERSION = YES;
				CLANG_WARN_DEPRECATED_OBJC_IMPLEMENTATIONS = YES;
				CLANG_WARN_DIRECT_OBJC_ISA_USAGE = YES_ERROR;
				CLANG_WARN_DOCUMENTATION_COMMENTS = YES;
				CLANG_WARN_EMPTY_BODY = YES;
				CLANG_WARN_ENUM_CONVERSION = YES;
				CLANG_WARN_INFINITE_RECURSION = YES;
				CLANG_WARN_INT_CONVERSION = YES;
				CLANG_WARN_NON_LITERAL_NULL_CONVERSION = YES;
				CLANG_WARN_OBJC_IMPLICIT_RETAIN_SELF = YES;
				CLANG_WARN_OBJC_LITERAL_CONVERSION = YES;
				CLANG_WARN_OBJC_ROOT_CLASS = YES_ERROR;
				CLANG_WARN_QUOTED_INCLUDE_IN_FRAMEWORK_HEADER = YES;
				CLANG_WARN_RANGE_LOOP_ANALYSIS = YES;
				CLANG_WARN_STRICT_PROTOTYPES = YES;
				CLANG_WARN_SUSPICIOUS_MOVE = YES;
				CLANG_WARN_UNGUARDED_AVAILABILITY = YES_AGGRESSIVE;
				CLANG_WARN_UNREACHABLE_CODE = YES;
				CLANG_WARN__DUPLICATE_METHOD_MATCH = YES;
				COPY_PHASE_STRIP = NO;
				DEBUG_INFORMATION_FORMAT = dwarf;
				ENABLE_STRICT_OBJC_MSGSEND = YES;
				ENABLE_TESTABILITY = YES;
				GCC_C_LANGUAGE_STANDARD = gnu11;
				GCC_DYNAMIC_NO_PIC = NO;
				GCC_NO_COMMON_BLOCKS = YES;
				GCC_OPTIMIZATION_LEVEL = 0;
				GCC_PREPROCESSOR_DEFINITIONS = (
					"DEBUG=1",
					"$(inherited)",
				);
				GCC_WARN_64_TO_32_BIT_CONVERSION = YES;
				GCC_WARN_ABOUT_RETURN_TYPE = YES_ERROR;
				GCC_WARN_UNDECLARED_SELECTOR = YES;
				GCC_WARN_UNINITIALIZED_AUTOS = YES_AGGRESSIVE;
				GCC_WARN_UNUSED_FUNCTION = YES;
				GCC_WARN_UNUSED_VARIABLE = YES;
				IPHONEOS_DEPLOYMENT_TARGET = 16.1;
				MTL_ENABLE_DEBUG_INFO = INCLUDE_SOURCE;
				MTL_FAST_MATH = YES;
				ONLY_ACTIVE_ARCH = YES;
				SDKROOT = iphoneos;
				SWIFT_ACTIVE_COMPILATION_CONDITIONS = DEBUG;
				SWIFT_OPTIMIZATION_LEVEL = "-Onone";
			};
			name = Debug;
		};
		DFF598F1292A35B5004D777E /* Release */ = {
			isa = XCBuildConfiguration;
			buildSettings = {
				ALWAYS_SEARCH_USER_PATHS = NO;
				CLANG_ANALYZER_NONNULL = YES;
				CLANG_ANALYZER_NUMBER_OBJECT_CONVERSION = YES_AGGRESSIVE;
				CLANG_CXX_LANGUAGE_STANDARD = "gnu++20";
				CLANG_ENABLE_MODULES = YES;
				CLANG_ENABLE_OBJC_ARC = YES;
				CLANG_ENABLE_OBJC_WEAK = YES;
				CLANG_WARN_BLOCK_CAPTURE_AUTORELEASING = YES;
				CLANG_WARN_BOOL_CONVERSION = YES;
				CLANG_WARN_COMMA = YES;
				CLANG_WARN_CONSTANT_CONVERSION = YES;
				CLANG_WARN_DEPRECATED_OBJC_IMPLEMENTATIONS = YES;
				CLANG_WARN_DIRECT_OBJC_ISA_USAGE = YES_ERROR;
				CLANG_WARN_DOCUMENTATION_COMMENTS = YES;
				CLANG_WARN_EMPTY_BODY = YES;
				CLANG_WARN_ENUM_CONVERSION = YES;
				CLANG_WARN_INFINITE_RECURSION = YES;
				CLANG_WARN_INT_CONVERSION = YES;
				CLANG_WARN_NON_LITERAL_NULL_CONVERSION = YES;
				CLANG_WARN_OBJC_IMPLICIT_RETAIN_SELF = YES;
				CLANG_WARN_OBJC_LITERAL_CONVERSION = YES;
				CLANG_WARN_OBJC_ROOT_CLASS = YES_ERROR;
				CLANG_WARN_QUOTED_INCLUDE_IN_FRAMEWORK_HEADER = YES;
				CLANG_WARN_RANGE_LOOP_ANALYSIS = YES;
				CLANG_WARN_STRICT_PROTOTYPES = YES;
				CLANG_WARN_SUSPICIOUS_MOVE = YES;
				CLANG_WARN_UNGUARDED_AVAILABILITY = YES_AGGRESSIVE;
				CLANG_WARN_UNREACHABLE_CODE = YES;
				CLANG_WARN__DUPLICATE_METHOD_MATCH = YES;
				COPY_PHASE_STRIP = NO;
				DEBUG_INFORMATION_FORMAT = "dwarf-with-dsym";
				ENABLE_NS_ASSERTIONS = NO;
				ENABLE_STRICT_OBJC_MSGSEND = YES;
				GCC_C_LANGUAGE_STANDARD = gnu11;
				GCC_NO_COMMON_BLOCKS = YES;
				GCC_WARN_64_TO_32_BIT_CONVERSION = YES;
				GCC_WARN_ABOUT_RETURN_TYPE = YES_ERROR;
				GCC_WARN_UNDECLARED_SELECTOR = YES;
				GCC_WARN_UNINITIALIZED_AUTOS = YES_AGGRESSIVE;
				GCC_WARN_UNUSED_FUNCTION = YES;
				GCC_WARN_UNUSED_VARIABLE = YES;
				IPHONEOS_DEPLOYMENT_TARGET = 16.1;
				MTL_ENABLE_DEBUG_INFO = NO;
				MTL_FAST_MATH = YES;
				SDKROOT = iphoneos;
				SWIFT_COMPILATION_MODE = wholemodule;
				SWIFT_OPTIMIZATION_LEVEL = "-O";
				VALIDATE_PRODUCT = YES;
			};
			name = Release;
		};
		DFF598F3292A35B5004D777E /* Debug */ = {
			isa = XCBuildConfiguration;
			baseConfigurationReference = 7387217747596CAED9378F55 /* Pods-TwitterSwift.debug.xcconfig */;
			buildSettings = {
				ASSETCATALOG_COMPILER_APPICON_NAME = AppIcon;
				ASSETCATALOG_COMPILER_GLOBAL_ACCENT_COLOR_NAME = AccentColor;
				CODE_SIGN_STYLE = Automatic;
				CURRENT_PROJECT_VERSION = 1;
				DEVELOPMENT_TEAM = UNQVQM5ZA2;
				GENERATE_INFOPLIST_FILE = YES;
				INFOPLIST_FILE = TwitterSwift/Resource/Info.plist;
				INFOPLIST_KEY_UIApplicationSupportsIndirectInputEvents = YES;
				INFOPLIST_KEY_UILaunchStoryboardName = LaunchScreen;
				INFOPLIST_KEY_UIMainStoryboardFile = "";
				INFOPLIST_KEY_UISupportedInterfaceOrientations_iPad = "UIInterfaceOrientationPortrait UIInterfaceOrientationPortraitUpsideDown UIInterfaceOrientationLandscapeLeft UIInterfaceOrientationLandscapeRight";
				INFOPLIST_KEY_UISupportedInterfaceOrientations_iPhone = "UIInterfaceOrientationPortrait UIInterfaceOrientationLandscapeLeft UIInterfaceOrientationLandscapeRight";
				LD_RUNPATH_SEARCH_PATHS = (
					"$(inherited)",
					"@executable_path/Frameworks",
				);
				MARKETING_VERSION = 1.0;
				PRODUCT_BUNDLE_IDENTIFIER = Practice.TwitterSwift;
				PRODUCT_NAME = "$(TARGET_NAME)";
				SWIFT_EMIT_LOC_STRINGS = YES;
				SWIFT_VERSION = 5.0;
				TARGETED_DEVICE_FAMILY = "1,2";
			};
			name = Debug;
		};
		DFF598F4292A35B5004D777E /* Release */ = {
			isa = XCBuildConfiguration;
			baseConfigurationReference = E2B931ACB69356B616E0C64A /* Pods-TwitterSwift.release.xcconfig */;
			buildSettings = {
				ASSETCATALOG_COMPILER_APPICON_NAME = AppIcon;
				ASSETCATALOG_COMPILER_GLOBAL_ACCENT_COLOR_NAME = AccentColor;
				CODE_SIGN_STYLE = Automatic;
				CURRENT_PROJECT_VERSION = 1;
				DEVELOPMENT_TEAM = UNQVQM5ZA2;
				GENERATE_INFOPLIST_FILE = YES;
				INFOPLIST_FILE = TwitterSwift/Resource/Info.plist;
				INFOPLIST_KEY_UIApplicationSupportsIndirectInputEvents = YES;
				INFOPLIST_KEY_UILaunchStoryboardName = LaunchScreen;
				INFOPLIST_KEY_UIMainStoryboardFile = "";
				INFOPLIST_KEY_UISupportedInterfaceOrientations_iPad = "UIInterfaceOrientationPortrait UIInterfaceOrientationPortraitUpsideDown UIInterfaceOrientationLandscapeLeft UIInterfaceOrientationLandscapeRight";
				INFOPLIST_KEY_UISupportedInterfaceOrientations_iPhone = "UIInterfaceOrientationPortrait UIInterfaceOrientationLandscapeLeft UIInterfaceOrientationLandscapeRight";
				LD_RUNPATH_SEARCH_PATHS = (
					"$(inherited)",
					"@executable_path/Frameworks",
				);
				MARKETING_VERSION = 1.0;
				PRODUCT_BUNDLE_IDENTIFIER = Practice.TwitterSwift;
				PRODUCT_NAME = "$(TARGET_NAME)";
				SWIFT_EMIT_LOC_STRINGS = YES;
				SWIFT_VERSION = 5.0;
				TARGETED_DEVICE_FAMILY = "1,2";
			};
			name = Release;
		};
/* End XCBuildConfiguration section */

/* Begin XCConfigurationList section */
		DFF598D9292A35B4004D777E /* Build configuration list for PBXProject "TwitterSwift" */ = {
			isa = XCConfigurationList;
			buildConfigurations = (
				DFF598F0292A35B5004D777E /* Debug */,
				DFF598F1292A35B5004D777E /* Release */,
			);
			defaultConfigurationIsVisible = 0;
			defaultConfigurationName = Release;
		};
		DFF598F2292A35B5004D777E /* Build configuration list for PBXNativeTarget "TwitterSwift" */ = {
			isa = XCConfigurationList;
			buildConfigurations = (
				DFF598F3292A35B5004D777E /* Debug */,
				DFF598F4292A35B5004D777E /* Release */,
			);
			defaultConfigurationIsVisible = 0;
			defaultConfigurationName = Release;
		};
/* End XCConfigurationList section */
	};
	rootObject = DFF598D6292A35B4004D777E /* Project object */;
}
