// !$*UTF8*$!
{
	archiveVersion = 1;
	classes = {
	};
	objectVersion = 56;
	objects = {

/* Begin PBXBuildFile section */
		DFF598E2292A35B4004D777E /* AppDelegate.swift in Sources */ = {isa = PBXBuildFile; fileRef = DFF598E1292A35B4004D777E /* AppDelegate.swift */; };
		DFF598E4292A35B4004D777E /* SceneDelegate.swift in Sources */ = {isa = PBXBuildFile; fileRef = DFF598E3292A35B4004D777E /* SceneDelegate.swift */; };
		DFF598E6292A35B4004D777E /* ViewController.swift in Sources */ = {isa = PBXBuildFile; fileRef = DFF598E5292A35B4004D777E /* ViewController.swift */; };
		DFF598EB292A35B5004D777E /* Assets.xcassets in Resources */ = {isa = PBXBuildFile; fileRef = DFF598EA292A35B5004D777E /* Assets.xcassets */; };
		DFF598EE292A35B5004D777E /* LaunchScreen.storyboard in Resources */ = {isa = PBXBuildFile; fileRef = DFF598EC292A35B5004D777E /* LaunchScreen.storyboard */; };
		DFF598FC292A367E004D777E /* MainTabBarViewController.swift in Sources */ = {isa = PBXBuildFile; fileRef = DFF598FB292A367E004D777E /* MainTabBarViewController.swift */; };
		DFF598FE292A3B6F004D777E /* FeedViewController.swift in Sources */ = {isa = PBXBuildFile; fileRef = DFF598FD292A3B6F004D777E /* FeedViewController.swift */; };
		DFF59900292A3BA5004D777E /* ExploreViewController.swift in Sources */ = {isa = PBXBuildFile; fileRef = DFF598FF292A3BA5004D777E /* ExploreViewController.swift */; };
		DFF59902292A3BB9004D777E /* NotificationsViewController.swift in Sources */ = {isa = PBXBuildFile; fileRef = DFF59901292A3BB9004D777E /* NotificationsViewController.swift */; };
		DFF59904292A3BD5004D777E /* ConversationsViewController.swift in Sources */ = {isa = PBXBuildFile; fileRef = DFF59903292A3BD5004D777E /* ConversationsViewController.swift */; };
		DFF59906292A497B004D777E /* Extensions.swift in Sources */ = {isa = PBXBuildFile; fileRef = DFF59905292A497B004D777E /* Extensions.swift */; };
/* End PBXBuildFile section */

/* Begin PBXFileReference section */
		DFF598DE292A35B4004D777E /* TwitterSwift.app */ = {isa = PBXFileReference; explicitFileType = wrapper.application; includeInIndex = 0; path = TwitterSwift.app; sourceTree = BUILT_PRODUCTS_DIR; };
		DFF598E1292A35B4004D777E /* AppDelegate.swift */ = {isa = PBXFileReference; lastKnownFileType = sourcecode.swift; path = AppDelegate.swift; sourceTree = "<group>"; };
		DFF598E3292A35B4004D777E /* SceneDelegate.swift */ = {isa = PBXFileReference; lastKnownFileType = sourcecode.swift; path = SceneDelegate.swift; sourceTree = "<group>"; };
		DFF598E5292A35B4004D777E /* ViewController.swift */ = {isa = PBXFileReference; lastKnownFileType = sourcecode.swift; path = ViewController.swift; sourceTree = "<group>"; };
		DFF598EA292A35B5004D777E /* Assets.xcassets */ = {isa = PBXFileReference; lastKnownFileType = folder.assetcatalog; path = Assets.xcassets; sourceTree = "<group>"; };
		DFF598ED292A35B5004D777E /* Base */ = {isa = PBXFileReference; lastKnownFileType = file.storyboard; name = Base; path = Base.lproj/LaunchScreen.storyboard; sourceTree = "<group>"; };
		DFF598EF292A35B5004D777E /* Info.plist */ = {isa = PBXFileReference; lastKnownFileType = text.plist.xml; path = Info.plist; sourceTree = "<group>"; };
		DFF598FB292A367E004D777E /* MainTabBarViewController.swift */ = {isa = PBXFileReference; lastKnownFileType = sourcecode.swift; path = MainTabBarViewController.swift; sourceTree = "<group>"; };
		DFF598FD292A3B6F004D777E /* FeedViewController.swift */ = {isa = PBXFileReference; lastKnownFileType = sourcecode.swift; path = FeedViewController.swift; sourceTree = "<group>"; };
		DFF598FF292A3BA5004D777E /* ExploreViewController.swift */ = {isa = PBXFileReference; lastKnownFileType = sourcecode.swift; path = ExploreViewController.swift; sourceTree = "<group>"; };
		DFF59901292A3BB9004D777E /* NotificationsViewController.swift */ = {isa = PBXFileReference; lastKnownFileType = sourcecode.swift; path = NotificationsViewController.swift; sourceTree = "<group>"; };
		DFF59903292A3BD5004D777E /* ConversationsViewController.swift */ = {isa = PBXFileReference; lastKnownFileType = sourcecode.swift; path = ConversationsViewController.swift; sourceTree = "<group>"; };
		DFF59905292A497B004D777E /* Extensions.swift */ = {isa = PBXFileReference; lastKnownFileType = sourcecode.swift; path = Extensions.swift; sourceTree = "<group>"; };
/* End PBXFileReference section */

/* Begin PBXFrameworksBuildPhase section */
		DFF598DB292A35B4004D777E /* Frameworks */ = {
			isa = PBXFrameworksBuildPhase;
			buildActionMask = 2147483647;
			files = (
			);
			runOnlyForDeploymentPostprocessing = 0;
		};
/* End PBXFrameworksBuildPhase section */

/* Begin PBXGroup section */
		DFF598D5292A35B4004D777E = {
			isa = PBXGroup;
			children = (
				DFF598E0292A35B4004D777E /* TwitterSwift */,
				DFF598DF292A35B4004D777E /* Products */,
			);
			sourceTree = "<group>";
		};
		DFF598DF292A35B4004D777E /* Products */ = {
			isa = PBXGroup;
			children = (
				DFF598DE292A35B4004D777E /* TwitterSwift.app */,
			);
			name = Products;
			sourceTree = "<group>";
		};
		DFF598E0292A35B4004D777E /* TwitterSwift */ = {
			isa = PBXGroup;
			children = (
				DFF598F9292A35E1004D777E /* API */,
				DFF598F8292A35DB004D777E /* Controller */,
				DFF598F7292A35D1004D777E /* ViewModel */,
				DFF598F6292A35C9004D777E /* View */,
				DFF598F5292A35C1004D777E /* Model */,
				DFF598FA292A3613004D777E /* Utils */,
				DFF598E1292A35B4004D777E /* AppDelegate.swift */,
				DFF598E3292A35B4004D777E /* SceneDelegate.swift */,
				DFF598E5292A35B4004D777E /* ViewController.swift */,
				DFF598EA292A35B5004D777E /* Assets.xcassets */,
				DFF598EC292A35B5004D777E /* LaunchScreen.storyboard */,
				DFF598EF292A35B5004D777E /* Info.plist */,
			);
			path = TwitterSwift;
			sourceTree = "<group>";
		};
		DFF598F5292A35C1004D777E /* Model */ = {
			isa = PBXGroup;
			children = (
			);
			path = Model;
			sourceTree = "<group>";
		};
		DFF598F6292A35C9004D777E /* View */ = {
			isa = PBXGroup;
			children = (
			);
			path = View;
			sourceTree = "<group>";
		};
		DFF598F7292A35D1004D777E /* ViewModel */ = {
			isa = PBXGroup;
			children = (
			);
			path = ViewModel;
			sourceTree = "<group>";
		};
		DFF598F8292A35DB004D777E /* Controller */ = {
			isa = PBXGroup;
			children = (
				DFF598FB292A367E004D777E /* MainTabBarViewController.swift */,
				DFF598FD292A3B6F004D777E /* FeedViewController.swift */,
				DFF598FF292A3BA5004D777E /* ExploreViewController.swift */,
				DFF59901292A3BB9004D777E /* NotificationsViewController.swift */,
				DFF59903292A3BD5004D777E /* ConversationsViewController.swift */,
			);
			path = Controller;
			sourceTree = "<group>";
		};
		DFF598F9292A35E1004D777E /* API */ = {
			isa = PBXGroup;
			children = (
			);
			path = API;
			sourceTree = "<group>";
		};
		DFF598FA292A3613004D777E /* Utils */ = {
			isa = PBXGroup;
			children = (
				DFF59905292A497B004D777E /* Extensions.swift */,
			);
			path = Utils;
			sourceTree = "<group>";
		};
/* End PBXGroup section */

/* Begin PBXNativeTarget section */
		DFF598DD292A35B4004D777E /* TwitterSwift */ = {
			isa = PBXNativeTarget;
			buildConfigurationList = DFF598F2292A35B5004D777E /* Build configuration list for PBXNativeTarget "TwitterSwift" */;
			buildPhases = (
				DFF598DA292A35B4004D777E /* Sources */,
				DFF598DB292A35B4004D777E /* Frameworks */,
				DFF598DC292A35B4004D777E /* Resources */,
			);
			buildRules = (
			);
			dependencies = (
			);
			name = TwitterSwift;
			productName = TwitterSwift;
			productReference = DFF598DE292A35B4004D777E /* TwitterSwift.app */;
			productType = "com.apple.product-type.application";
		};
/* End PBXNativeTarget section */

/* Begin PBXProject section */
		DFF598D6292A35B4004D777E /* Project object */ = {
			isa = PBXProject;
			attributes = {
				BuildIndependentTargetsInParallel = 1;
				LastSwiftUpdateCheck = 1410;
				LastUpgradeCheck = 1410;
				TargetAttributes = {
					DFF598DD292A35B4004D777E = {
						CreatedOnToolsVersion = 14.1;
					};
				};
			};
			buildConfigurationList = DFF598D9292A35B4004D777E /* Build configuration list for PBXProject "TwitterSwift" */;
			compatibilityVersion = "Xcode 14.0";
			developmentRegion = en;
			hasScannedForEncodings = 0;
			knownRegions = (
				en,
				Base,
			);
			mainGroup = DFF598D5292A35B4004D777E;
			productRefGroup = DFF598DF292A35B4004D777E /* Products */;
			projectDirPath = "";
			projectRoot = "";
			targets = (
				DFF598DD292A35B4004D777E /* TwitterSwift */,
			);
		};
/* End PBXProject section */

/* Begin PBXResourcesBuildPhase section */
		DFF598DC292A35B4004D777E /* Resources */ = {
			isa = PBXResourcesBuildPhase;
			buildActionMask = 2147483647;
			files = (
				DFF598EE292A35B5004D777E /* LaunchScreen.storyboard in Resources */,
				DFF598EB292A35B5004D777E /* Assets.xcassets in Resources */,
			);
			runOnlyForDeploymentPostprocessing = 0;
		};
/* End PBXResourcesBuildPhase section */

/* Begin PBXSourcesBuildPhase section */
		DFF598DA292A35B4004D777E /* Sources */ = {
			isa = PBXSourcesBuildPhase;
			buildActionMask = 2147483647;
			files = (
				DFF598E6292A35B4004D777E /* ViewController.swift in Sources */,
				DFF59906292A497B004D777E /* Extensions.swift in Sources */,
				DFF598FC292A367E004D777E /* MainTabBarViewController.swift in Sources */,
				DFF59900292A3BA5004D777E /* ExploreViewController.swift in Sources */,
				DFF59904292A3BD5004D777E /* ConversationsViewController.swift in Sources */,
				DFF598FE292A3B6F004D777E /* FeedViewController.swift in Sources */,
				DFF598E2292A35B4004D777E /* AppDelegate.swift in Sources */,
				DFF59902292A3BB9004D777E /* NotificationsViewController.swift in Sources */,
				DFF598E4292A35B4004D777E /* SceneDelegate.swift in Sources */,
			);
			runOnlyForDeploymentPostprocessing = 0;
		};
/* End PBXSourcesBuildPhase section */

/* Begin PBXVariantGroup section */
		DFF598EC292A35B5004D777E /* LaunchScreen.storyboard */ = {
			isa = PBXVariantGroup;
			children = (
				DFF598ED292A35B5004D777E /* Base */,
			);
			name = LaunchScreen.storyboard;
			sourceTree = "<group>";
		};
/* End PBXVariantGroup section */

/* Begin XCBuildConfiguration section */
		DFF598F0292A35B5004D777E /* Debug */ = {
			isa = XCBuildConfiguration;
			buildSettings = {
				ALWAYS_SEARCH_USER_PATHS = NO;
				CLANG_ANALYZER_NONNULL = YES;
				CLANG_ANALYZER_NUMBER_OBJECT_CONVERSION = YES_AGGRESSIVE;
				CLANG_CXX_LANGUAGE_STANDARD = "gnu++20";
				CLANG_ENABLE_MODULES = YES;
				CLANG_ENABLE_OBJC_ARC = YES;
				CLANG_ENABLE_OBJC_WEAK = YES;
				CLANG_WARN_BLOCK_CAPTURE_AUTORELEASING = YES;
				CLANG_WARN_BOOL_CONVERSION = YES;
				CLANG_WARN_COMMA = YES;
				CLANG_WARN_CONSTANT_CONVERSION = YES;
				CLANG_WARN_DEPRECATED_OBJC_IMPLEMENTATIONS = YES;
				CLANG_WARN_DIRECT_OBJC_ISA_USAGE = YES_ERROR;
				CLANG_WARN_DOCUMENTATION_COMMENTS = YES;
				CLANG_WARN_EMPTY_BODY = YES;
				CLANG_WARN_ENUM_CONVERSION = YES;
				CLANG_WARN_INFINITE_RECURSION = YES;
				CLANG_WARN_INT_CONVERSION = YES;
				CLANG_WARN_NON_LITERAL_NULL_CONVERSION = YES;
				CLANG_WARN_OBJC_IMPLICIT_RETAIN_SELF = YES;
				CLANG_WARN_OBJC_LITERAL_CONVERSION = YES;
				CLANG_WARN_OBJC_ROOT_CLASS = YES_ERROR;
				CLANG_WARN_QUOTED_INCLUDE_IN_FRAMEWORK_HEADER = YES;
				CLANG_WARN_RANGE_LOOP_ANALYSIS = YES;
				CLANG_WARN_STRICT_PROTOTYPES = YES;
				CLANG_WARN_SUSPICIOUS_MOVE = YES;
				CLANG_WARN_UNGUARDED_AVAILABILITY = YES_AGGRESSIVE;
				CLANG_WARN_UNREACHABLE_CODE = YES;
				CLANG_WARN__DUPLICATE_METHOD_MATCH = YES;
				COPY_PHASE_STRIP = NO;
				DEBUG_INFORMATION_FORMAT = dwarf;
				ENABLE_STRICT_OBJC_MSGSEND = YES;
				ENABLE_TESTABILITY = YES;
				GCC_C_LANGUAGE_STANDARD = gnu11;
				GCC_DYNAMIC_NO_PIC = NO;
				GCC_NO_COMMON_BLOCKS = YES;
				GCC_OPTIMIZATION_LEVEL = 0;
				GCC_PREPROCESSOR_DEFINITIONS = (
					"DEBUG=1",
					"$(inherited)",
				);
				GCC_WARN_64_TO_32_BIT_CONVERSION = YES;
				GCC_WARN_ABOUT_RETURN_TYPE = YES_ERROR;
				GCC_WARN_UNDECLARED_SELECTOR = YES;
				GCC_WARN_UNINITIALIZED_AUTOS = YES_AGGRESSIVE;
				GCC_WARN_UNUSED_FUNCTION = YES;
				GCC_WARN_UNUSED_VARIABLE = YES;
				IPHONEOS_DEPLOYMENT_TARGET = 16.1;
				MTL_ENABLE_DEBUG_INFO = INCLUDE_SOURCE;
				MTL_FAST_MATH = YES;
				ONLY_ACTIVE_ARCH = YES;
				SDKROOT = iphoneos;
				SWIFT_ACTIVE_COMPILATION_CONDITIONS = DEBUG;
				SWIFT_OPTIMIZATION_LEVEL = "-Onone";
			};
			name = Debug;
		};
		DFF598F1292A35B5004D777E /* Release */ = {
			isa = XCBuildConfiguration;
			buildSettings = {
				ALWAYS_SEARCH_USER_PATHS = NO;
				CLANG_ANALYZER_NONNULL = YES;
				CLANG_ANALYZER_NUMBER_OBJECT_CONVERSION = YES_AGGRESSIVE;
				CLANG_CXX_LANGUAGE_STANDARD = "gnu++20";
				CLANG_ENABLE_MODULES = YES;
				CLANG_ENABLE_OBJC_ARC = YES;
				CLANG_ENABLE_OBJC_WEAK = YES;
				CLANG_WARN_BLOCK_CAPTURE_AUTORELEASING = YES;
				CLANG_WARN_BOOL_CONVERSION = YES;
				CLANG_WARN_COMMA = YES;
				CLANG_WARN_CONSTANT_CONVERSION = YES;
				CLANG_WARN_DEPRECATED_OBJC_IMPLEMENTATIONS = YES;
				CLANG_WARN_DIRECT_OBJC_ISA_USAGE = YES_ERROR;
				CLANG_WARN_DOCUMENTATION_COMMENTS = YES;
				CLANG_WARN_EMPTY_BODY = YES;
				CLANG_WARN_ENUM_CONVERSION = YES;
				CLANG_WARN_INFINITE_RECURSION = YES;
				CLANG_WARN_INT_CONVERSION = YES;
				CLANG_WARN_NON_LITERAL_NULL_CONVERSION = YES;
				CLANG_WARN_OBJC_IMPLICIT_RETAIN_SELF = YES;
				CLANG_WARN_OBJC_LITERAL_CONVERSION = YES;
				CLANG_WARN_OBJC_ROOT_CLASS = YES_ERROR;
				CLANG_WARN_QUOTED_INCLUDE_IN_FRAMEWORK_HEADER = YES;
				CLANG_WARN_RANGE_LOOP_ANALYSIS = YES;
				CLANG_WARN_STRICT_PROTOTYPES = YES;
				CLANG_WARN_SUSPICIOUS_MOVE = YES;
				CLANG_WARN_UNGUARDED_AVAILABILITY = YES_AGGRESSIVE;
				CLANG_WARN_UNREACHABLE_CODE = YES;
				CLANG_WARN__DUPLICATE_METHOD_MATCH = YES;
				COPY_PHASE_STRIP = NO;
				DEBUG_INFORMATION_FORMAT = "dwarf-with-dsym";
				ENABLE_NS_ASSERTIONS = NO;
				ENABLE_STRICT_OBJC_MSGSEND = YES;
				GCC_C_LANGUAGE_STANDARD = gnu11;
				GCC_NO_COMMON_BLOCKS = YES;
				GCC_WARN_64_TO_32_BIT_CONVERSION = YES;
				GCC_WARN_ABOUT_RETURN_TYPE = YES_ERROR;
				GCC_WARN_UNDECLARED_SELECTOR = YES;
				GCC_WARN_UNINITIALIZED_AUTOS = YES_AGGRESSIVE;
				GCC_WARN_UNUSED_FUNCTION = YES;
				GCC_WARN_UNUSED_VARIABLE = YES;
				IPHONEOS_DEPLOYMENT_TARGET = 16.1;
				MTL_ENABLE_DEBUG_INFO = NO;
				MTL_FAST_MATH = YES;
				SDKROOT = iphoneos;
				SWIFT_COMPILATION_MODE = wholemodule;
				SWIFT_OPTIMIZATION_LEVEL = "-O";
				VALIDATE_PRODUCT = YES;
			};
			name = Release;
		};
		DFF598F3292A35B5004D777E /* Debug */ = {
			isa = XCBuildConfiguration;
			buildSettings = {
				ASSETCATALOG_COMPILER_APPICON_NAME = AppIcon;
				ASSETCATALOG_COMPILER_GLOBAL_ACCENT_COLOR_NAME = AccentColor;
				CODE_SIGN_STYLE = Automatic;
				CURRENT_PROJECT_VERSION = 1;
				DEVELOPMENT_TEAM = UNQVQM5ZA2;
				GENERATE_INFOPLIST_FILE = YES;
				INFOPLIST_FILE = TwitterSwift/Info.plist;
				INFOPLIST_KEY_UIApplicationSupportsIndirectInputEvents = YES;
				INFOPLIST_KEY_UILaunchStoryboardName = LaunchScreen;
				INFOPLIST_KEY_UIMainStoryboardFile = "";
				INFOPLIST_KEY_UISupportedInterfaceOrientations_iPad = "UIInterfaceOrientationPortrait UIInterfaceOrientationPortraitUpsideDown UIInterfaceOrientationLandscapeLeft UIInterfaceOrientationLandscapeRight";
				INFOPLIST_KEY_UISupportedInterfaceOrientations_iPhone = "UIInterfaceOrientationPortrait UIInterfaceOrientationLandscapeLeft UIInterfaceOrientationLandscapeRight";
				LD_RUNPATH_SEARCH_PATHS = (
					"$(inherited)",
					"@executable_path/Frameworks",
				);
				MARKETING_VERSION = 1.0;
				PRODUCT_BUNDLE_IDENTIFIER = Practice.TwitterSwift;
				PRODUCT_NAME = "$(TARGET_NAME)";
				SWIFT_EMIT_LOC_STRINGS = YES;
				SWIFT_VERSION = 5.0;
				TARGETED_DEVICE_FAMILY = "1,2";
			};
			name = Debug;
		};
		DFF598F4292A35B5004D777E /* Release */ = {
			isa = XCBuildConfiguration;
			buildSettings = {
				ASSETCATALOG_COMPILER_APPICON_NAME = AppIcon;
				ASSETCATALOG_COMPILER_GLOBAL_ACCENT_COLOR_NAME = AccentColor;
				CODE_SIGN_STYLE = Automatic;
				CURRENT_PROJECT_VERSION = 1;
				DEVELOPMENT_TEAM = UNQVQM5ZA2;
				GENERATE_INFOPLIST_FILE = YES;
				INFOPLIST_FILE = TwitterSwift/Info.plist;
				INFOPLIST_KEY_UIApplicationSupportsIndirectInputEvents = YES;
				INFOPLIST_KEY_UILaunchStoryboardName = LaunchScreen;
				INFOPLIST_KEY_UIMainStoryboardFile = "";
				INFOPLIST_KEY_UISupportedInterfaceOrientations_iPad = "UIInterfaceOrientationPortrait UIInterfaceOrientationPortraitUpsideDown UIInterfaceOrientationLandscapeLeft UIInterfaceOrientationLandscapeRight";
				INFOPLIST_KEY_UISupportedInterfaceOrientations_iPhone = "UIInterfaceOrientationPortrait UIInterfaceOrientationLandscapeLeft UIInterfaceOrientationLandscapeRight";
				LD_RUNPATH_SEARCH_PATHS = (
					"$(inherited)",
					"@executable_path/Frameworks",
				);
				MARKETING_VERSION = 1.0;
				PRODUCT_BUNDLE_IDENTIFIER = Practice.TwitterSwift;
				PRODUCT_NAME = "$(TARGET_NAME)";
				SWIFT_EMIT_LOC_STRINGS = YES;
				SWIFT_VERSION = 5.0;
				TARGETED_DEVICE_FAMILY = "1,2";
			};
			name = Release;
		};
/* End XCBuildConfiguration section */

/* Begin XCConfigurationList section */
		DFF598D9292A35B4004D777E /* Build configuration list for PBXProject "TwitterSwift" */ = {
			isa = XCConfigurationList;
			buildConfigurations = (
				DFF598F0292A35B5004D777E /* Debug */,
				DFF598F1292A35B5004D777E /* Release */,
			);
			defaultConfigurationIsVisible = 0;
			defaultConfigurationName = Release;
		};
		DFF598F2292A35B5004D777E /* Build configuration list for PBXNativeTarget "TwitterSwift" */ = {
			isa = XCConfigurationList;
			buildConfigurations = (
				DFF598F3292A35B5004D777E /* Debug */,
				DFF598F4292A35B5004D777E /* Release */,
			);
			defaultConfigurationIsVisible = 0;
			defaultConfigurationName = Release;
		};
/* End XCConfigurationList section */
	};
	rootObject = DFF598D6292A35B4004D777E /* Project object */;
}
